{
  "name": "@benriquezm/date-renderer",
  "version": "1.2.0-beta.0",
  "lockfileVersion": 2,
  "requires": true,
  "packages": {
    "": {
      "name": "@benriquezm/date-renderer",
      "version": "1.0.0",
      "license": "ISC",
      "dependencies": {
        "@benriquezm/date-logic": "^1.0.0"
      }
    },
    "node_modules/@benriquezm/date-logic": {
      "version": "1.0.0",
      "resolved": "https://npm.pkg.github.com/download/@benriquezm/date-logic/1.0.0/84b3d61a26cbefcb4bcbe377b1922e2d8bcd66008b957408f670532d5a5143a9",
      "integrity": "sha512-bI7ZV9MSBmY32H3GPV9dkKP4sZEHZQdBF+WwscqBuLQrBbLwqg1Xmk3zMv8CFMlbtQ9jwRW/Fa7gLnM/KgGCTg==",
      "license": "ISC"
    }
  },
  "dependencies": {
    "@benriquezm/date-logic": {
      "version": "1.0.0",
      "resolved": "https://npm.pkg.github.com/download/@benriquezm/date-logic/1.0.0/84b3d61a26cbefcb4bcbe377b1922e2d8bcd66008b957408f670532d5a5143a9",
      "integrity": "sha512-bI7ZV9MSBmY32H3GPV9dkKP4sZEHZQdBF+WwscqBuLQrBbLwqg1Xmk3zMv8CFMlbtQ9jwRW/Fa7gLnM/KgGCTg=="
    }
  }
}
